
Microsoft Visual Studio Solution File, Format Version 12.00
# Visual Studio Version 17
VisualStudioVersion = 17.10.35027.167
MinimumVisualStudioVersion = 10.0.40219.1
Project("{8BC9CEB8-8B4A-11D0-8D11-00A0C91BC942}") = "ConcurrentServer", "ConcurrentServer\ConcurrentServer.vcxproj", "{FEBFCE27-0A31-4A0E-A721-94820DE0E78D}"
EndProject
Project("{8BC9CEB8-8B4A-11D0-8D11-00A0C91BC942}") = "ClientT", "ClientT\ClientT.vcxproj", "{586087CD-7EAF-414C-8DD9-9466033EFC86}"
EndProject
Project("{8BC9CEB8-8B4A-11D0-8D11-00A0C91BC942}") = "ClientB", "ClientB\ClientB.vcxproj", "{6D27756B-0B3D-4DBB-96E3-B86799B15921}"
EndProject
Project("{8BC9CEB8-8B4A-11D0-8D11-00A0C91BC942}") = "RConsole", "RConsole\RConsole.vcxproj", "{20BD87FA-8CC7-456E-8E65-1A3CBD9B0C65}"
EndProject
Project("{8BC9CEB8-8B4A-11D0-8D11-00A0C91BC942}") = "ServiceLibrary", "ServiceLib\ServiceLib.vcxproj", "{06598F84-6BDE-4BC2-BD0E-5F758F05B9A4}"
EndProject
Project("{8BC9CEB8-8B4A-11D0-8D11-00A0C91BC942}") = "TunnelServerr", "TunnelServerr\TunnelServerr.vcxproj", "{55398058-9F7B-49D5-B19E-359112E8D802}"
EndProject
Global
	GlobalSection(SolutionConfigurationPlatforms) = preSolution
		Debug|Any CPU = Debug|Any CPU
		Debug|x64 = Debug|x64
		Debug|x86 = Debug|x86
		Release|Any CPU = Release|Any CPU
		Release|x64 = Release|x64
		Release|x86 = Release|x86
	EndGlobalSection
	GlobalSection(ProjectConfigurationPlatforms) = postSolution
		{FEBFCE27-0A31-4A0E-A721-94820DE0E78D}.Debug|Any CPU.ActiveCfg = Debug|x64
		{FEBFCE27-0A31-4A0E-A721-94820DE0E78D}.Debug|Any CPU.Build.0 = Debug|x64
		{FEBFCE27-0A31-4A0E-A721-94820DE0E78D}.Debug|x64.ActiveCfg = Debug|x64
		{FEBFCE27-0A31-4A0E-A721-94820DE0E78D}.Debug|x64.Build.0 = Debug|x64
		{FEBFCE27-0A31-4A0E-A721-94820DE0E78D}.Debug|x86.ActiveCfg = Debug|Win32
		{FEBFCE27-0A31-4A0E-A721-94820DE0E78D}.Debug|x86.Build.0 = Debug|Win32
		{FEBFCE27-0A31-4A0E-A721-94820DE0E78D}.Release|Any CPU.ActiveCfg = Release|x64
		{FEBFCE27-0A31-4A0E-A721-94820DE0E78D}.Release|Any CPU.Build.0 = Release|x64
		{FEBFCE27-0A31-4A0E-A721-94820DE0E78D}.Release|x64.ActiveCfg = Release|x64
		{FEBFCE27-0A31-4A0E-A721-94820DE0E78D}.Release|x64.Build.0 = Release|x64
		{FEBFCE27-0A31-4A0E-A721-94820DE0E78D}.Release|x86.ActiveCfg = Release|Win32
		{FEBFCE27-0A31-4A0E-A721-94820DE0E78D}.Release|x86.Build.0 = Release|Win32
		{586087CD-7EAF-414C-8DD9-9466033EFC86}.Debug|Any CPU.ActiveCfg = Debug|x64
		{586087CD-7EAF-414C-8DD9-9466033EFC86}.Debug|Any CPU.Build.0 = Debug|x64
		{586087CD-7EAF-414C-8DD9-9466033EFC86}.Debug|x64.ActiveCfg = Debug|x64
		{586087CD-7EAF-414C-8DD9-9466033EFC86}.Debug|x64.Build.0 = Debug|x64
		{586087CD-7EAF-414C-8DD9-9466033EFC86}.Debug|x86.ActiveCfg = Debug|Win32
		{586087CD-7EAF-414C-8DD9-9466033EFC86}.Debug|x86.Build.0 = Debug|Win32
		{586087CD-7EAF-414C-8DD9-9466033EFC86}.Release|Any CPU.ActiveCfg = Release|x64
		{586087CD-7EAF-414C-8DD9-9466033EFC86}.Release|Any CPU.Build.0 = Release|x64
		{586087CD-7EAF-414C-8DD9-9466033EFC86}.Release|x64.ActiveCfg = Release|x64
		{586087CD-7EAF-414C-8DD9-9466033EFC86}.Release|x64.Build.0 = Release|x64
		{586087CD-7EAF-414C-8DD9-9466033EFC86}.Release|x86.ActiveCfg = Release|Win32
		{586087CD-7EAF-414C-8DD9-9466033EFC86}.Release|x86.Build.0 = Release|Win32
		{6D27756B-0B3D-4DBB-96E3-B86799B15921}.Debug|Any CPU.ActiveCfg = Debug|x64
		{6D27756B-0B3D-4DBB-96E3-B86799B15921}.Debug|Any CPU.Build.0 = Debug|x64
		{6D27756B-0B3D-4DBB-96E3-B86799B15921}.Debug|x64.ActiveCfg = Debug|x64
		{6D27756B-0B3D-4DBB-96E3-B86799B15921}.Debug|x64.Build.0 = Debug|x64
		{6D27756B-0B3D-4DBB-96E3-B86799B15921}.Debug|x86.ActiveCfg = Debug|Win32
		{6D27756B-0B3D-4DBB-96E3-B86799B15921}.Debug|x86.Build.0 = Debug|Win32
		{6D27756B-0B3D-4DBB-96E3-B86799B15921}.Release|Any CPU.ActiveCfg = Release|x64
		{6D27756B-0B3D-4DBB-96E3-B86799B15921}.Release|Any CPU.Build.0 = Release|x64
		{6D27756B-0B3D-4DBB-96E3-B86799B15921}.Release|x64.ActiveCfg = Release|x64
		{6D27756B-0B3D-4DBB-96E3-B86799B15921}.Release|x64.Build.0 = Release|x64
		{6D27756B-0B3D-4DBB-96E3-B86799B15921}.Release|x86.ActiveCfg = Release|Win32
		{6D27756B-0B3D-4DBB-96E3-B86799B15921}.Release|x86.Build.0 = Release|Win32
		{20BD87FA-8CC7-456E-8E65-1A3CBD9B0C65}.Debug|Any CPU.ActiveCfg = Debug|x64
		{20BD87FA-8CC7-456E-8E65-1A3CBD9B0C65}.Debug|Any CPU.Build.0 = Debug|x64
		{20BD87FA-8CC7-456E-8E65-1A3CBD9B0C65}.Debug|x64.ActiveCfg = Debug|x64
		{20BD87FA-8CC7-456E-8E65-1A3CBD9B0C65}.Debug|x64.Build.0 = Debug|x64
		{20BD87FA-8CC7-456E-8E65-1A3CBD9B0C65}.Debug|x86.ActiveCfg = Debug|Win32
		{20BD87FA-8CC7-456E-8E65-1A3CBD9B0C65}.Debug|x86.Build.0 = Debug|Win32
		{20BD87FA-8CC7-456E-8E65-1A3CBD9B0C65}.Release|Any CPU.ActiveCfg = Release|x64
		{20BD87FA-8CC7-456E-8E65-1A3CBD9B0C65}.Release|Any CPU.Build.0 = Release|x64
		{20BD87FA-8CC7-456E-8E65-1A3CBD9B0C65}.Release|x64.ActiveCfg = Release|x64
		{20BD87FA-8CC7-456E-8E65-1A3CBD9B0C65}.Release|x64.Build.0 = Release|x64
		{20BD87FA-8CC7-456E-8E65-1A3CBD9B0C65}.Release|x86.ActiveCfg = Release|Win32
		{20BD87FA-8CC7-456E-8E65-1A3CBD9B0C65}.Release|x86.Build.0 = Release|Win32
		{06598F84-6BDE-4BC2-BD0E-5F758F05B9A4}.Debug|Any CPU.ActiveCfg = Debug|x64
		{06598F84-6BDE-4BC2-BD0E-5F758F05B9A4}.Debug|Any CPU.Build.0 = Debug|x64
		{06598F84-6BDE-4BC2-BD0E-5F758F05B9A4}.Debug|x64.ActiveCfg = Debug|x64
		{06598F84-6BDE-4BC2-BD0E-5F758F05B9A4}.Debug|x64.Build.0 = Debug|x64
		{06598F84-6BDE-4BC2-BD0E-5F758F05B9A4}.Debug|x86.ActiveCfg = Debug|Win32
		{06598F84-6BDE-4BC2-BD0E-5F758F05B9A4}.Debug|x86.Build.0 = Debug|Win32
		{06598F84-6BDE-4BC2-BD0E-5F758F05B9A4}.Release|Any CPU.ActiveCfg = Release|x64
		{06598F84-6BDE-4BC2-BD0E-5F758F05B9A4}.Release|Any CPU.Build.0 = Release|x64
		{06598F84-6BDE-4BC2-BD0E-5F758F05B9A4}.Release|x64.ActiveCfg = Release|x64
		{06598F84-6BDE-4BC2-BD0E-5F758F05B9A4}.Release|x64.Build.0 = Release|x64
		{06598F84-6BDE-4BC2-BD0E-5F758F05B9A4}.Release|x86.ActiveCfg = Release|Win32
		{06598F84-6BDE-4BC2-BD0E-5F758F05B9A4}.Release|x86.Build.0 = Release|Win32
		{55398058-9F7B-49D5-B19E-359112E8D802}.Debug|Any CPU.ActiveCfg = Debug|x64
		{55398058-9F7B-49D5-B19E-359112E8D802}.Debug|Any CPU.Build.0 = Debug|x64
		{55398058-9F7B-49D5-B19E-359112E8D802}.Debug|x64.ActiveCfg = Debug|x64
		{55398058-9F7B-49D5-B19E-359112E8D802}.Debug|x64.Build.0 = Debug|x64
		{55398058-9F7B-49D5-B19E-359112E8D802}.Debug|x86.ActiveCfg = Debug|Win32
		{55398058-9F7B-49D5-B19E-359112E8D802}.Debug|x86.Build.0 = Debug|Win32
		{55398058-9F7B-49D5-B19E-359112E8D802}.Release|Any CPU.ActiveCfg = Release|x64
		{55398058-9F7B-49D5-B19E-359112E8D802}.Release|Any CPU.Build.0 = Release|x64
		{55398058-9F7B-49D5-B19E-359112E8D802}.Release|x64.ActiveCfg = Release|x64
		{55398058-9F7B-49D5-B19E-359112E8D802}.Release|x64.Build.0 = Release|x64
		{55398058-9F7B-49D5-B19E-359112E8D802}.Release|x86.ActiveCfg = Release|Win32
		{55398058-9F7B-49D5-B19E-359112E8D802}.Release|x86.Build.0 = Release|Win32
	EndGlobalSection
	GlobalSection(SolutionProperties) = preSolution
		HideSolutionNode = FALSE
	EndGlobalSection
	GlobalSection(ExtensibilityGlobals) = postSolution
		SolutionGuid = {B8A1846B-0777-426D-A7FF-BF36F37BBFDB}
	EndGlobalSection
EndGlobal
