
Microsoft Visual Studio Solution File, Format Version 12.00
# Visual Studio Version 17
VisualStudioVersion = 17.14.36414.22 d17.14
MinimumVisualStudioVersion = 10.0.40219.1
Project("{8BC9CEB8-8B4A-11D0-8D11-00A0C91BC942}") = "ServerU", "ServerU.vcxproj", "{DAD5CE75-CD30-489D-A1C0-F15257F3116B}"
EndProject
Global
	GlobalSection(SolutionConfigurationPlatforms) = preSolution
		Debug|x64 = Debug|x64
		Debug|x86 = Debug|x86
		Release|x64 = Release|x64
		Release|x86 = Release|x86
	EndGlobalSection
	GlobalSection(ProjectConfigurationPlatforms) = postSolution
		{DAD5CE75-CD30-489D-A1C0-F15257F3116B}.Debug|x64.ActiveCfg = Debug|x64
		{DAD5CE75-CD30-489D-A1C0-F15257F3116B}.Debug|x64.Build.0 = Debug|x64
		{DAD5CE75-CD30-489D-A1C0-F15257F3116B}.Debug|x86.ActiveCfg = Debug|Win32
		{DAD5CE75-CD30-489D-A1C0-F15257F3116B}.Debug|x86.Build.0 = Debug|Win32
		{DAD5CE75-CD30-489D-A1C0-F15257F3116B}.Release|x64.ActiveCfg = Release|x64
		{DAD5CE75-CD30-489D-A1C0-F15257F3116B}.Release|x64.Build.0 = Release|x64
		{DAD5CE75-CD30-489D-A1C0-F15257F3116B}.Release|x86.ActiveCfg = Release|Win32
		{DAD5CE75-CD30-489D-A1C0-F15257F3116B}.Release|x86.Build.0 = Release|Win32
	EndGlobalSection
	GlobalSection(SolutionProperties) = preSolution
		HideSolutionNode = FALSE
	EndGlobalSection
	GlobalSection(ExtensibilityGlobals) = postSolution
		SolutionGuid = {E3F476D2-6D73-489D-899D-4601D1659914}
	EndGlobalSection
EndGlobal
